{
  "name": "correspondence_tool_staff",
  "lockfileVersion": 2,
  "requires": true,
  "packages": {
    "": {
      "dependencies": {
        "@ministryofjustice/frontend": "^7.1.0",
        "govuk-frontend": "^5.13.0",
        "moment": "^2.30.1"
      }
    },
    "node_modules/@ministryofjustice/frontend": {
      "version": "7.1.0",
      "resolved": "https://registry.npmjs.org/@ministryofjustice/frontend/-/frontend-7.1.0.tgz",
      "integrity": "sha512-0kh7jAV0xm4EAUjzs16PgpDWbrMQw0mSYLUtpmOlZbihhLbp4c+C9m3eKRWziSuWmjUz/Ehf/QwTULW8jJZeqw==",
      "engines": {
        "node": ">= 4.2.0"
      },
      "peerDependencies": {
        "govuk-frontend": "^5.11.2",
        "moment": "2.30.1"
      }
    },
    "node_modules/govuk-frontend": {
      "version": "5.13.0",
      "resolved": "https://registry.npmjs.org/govuk-frontend/-/govuk-frontend-5.13.0.tgz",
      "integrity": "sha512-6N3pHelWN7wftdM6e4YEzZAfattapa1gnd+Al6d5PUbfTr9D+T2dnphpNpjX75CTEhihlQqlL0RDQ3WIfZ3PSg==",
      "engines": {
        "node": ">= 4.2.0"
      }
    },
    "node_modules/moment": {
      "version": "2.30.1",
      "resolved": "https://registry.npmjs.org/moment/-/moment-2.30.1.tgz",
      "integrity": "sha512-uEmtNhbDOrWPFS+hdjFCBfy9f2YoyzRpwcl+DqpC6taX21FzsTLQVbMV/W7PzNSX6x/bhC1zA3c2UQ5NzH6how==",
      "engines": {
        "node": "*"
      }
    }
  },
  "dependencies": {
    "@ministryofjustice/frontend": {
      "version": "7.1.0",
      "resolved": "https://registry.npmjs.org/@ministryofjustice/frontend/-/frontend-7.1.0.tgz",
      "integrity": "sha512-0kh7jAV0xm4EAUjzs16PgpDWbrMQw0mSYLUtpmOlZbihhLbp4c+C9m3eKRWziSuWmjUz/Ehf/QwTULW8jJZeqw==",
      "requires": {}
    },
    "govuk-frontend": {
      "version": "5.13.0",
      "resolved": "https://registry.npmjs.org/govuk-frontend/-/govuk-frontend-5.13.0.tgz",
      "integrity": "sha512-6N3pHelWN7wftdM6e4YEzZAfattapa1gnd+Al6d5PUbfTr9D+T2dnphpNpjX75CTEhihlQqlL0RDQ3WIfZ3PSg=="
    },
    "moment": {
      "version": "2.30.1",
      "resolved": "https://registry.npmjs.org/moment/-/moment-2.30.1.tgz",
      "integrity": "sha512-uEmtNhbDOrWPFS+hdjFCBfy9f2YoyzRpwcl+DqpC6taX21FzsTLQVbMV/W7PzNSX6x/bhC1zA3c2UQ5NzH6how=="
    }
  }
}
