# THIS IS AN AUTOGENERATED FILE. DO NOT EDIT THIS FILE DIRECTLY.
# yarn lockfile v1


"@ministryofjustice/frontend@^7.1.0":
  version "7.1.0"
  resolved "https://registry.yarnpkg.com/@ministryofjustice/frontend/-/frontend-7.1.0.tgz#e3eed534c199657dd5586c88f71c819e3afad39f"
  integrity sha512-0kh7jAV0xm4EAUjzs16PgpDWbrMQw0mSYLUtpmOlZbihhLbp4c+C9m3eKRWziSuWmjUz/Ehf/QwTULW8jJZeqw==

govuk-frontend@^5.13.0:
  version "5.13.0"
  resolved "https://registry.yarnpkg.com/govuk-frontend/-/govuk-frontend-5.13.0.tgz#11126d32a9ef0db17b19276253746da1ade4338b"
  integrity sha512-6N3pHelWN7wftdM6e4YEzZAfattapa1gnd+Al6d5PUbfTr9D+T2dnphpNpjX75CTEhihlQqlL0RDQ3WIfZ3PSg==

moment@^2.30.1:
  version "2.30.1"
  resolved "https://registry.yarnpkg.com/moment/-/moment-2.30.1.tgz#f8c91c07b7a786e30c59926df530b4eac96974ae"
  integrity sha512-uEmtNhbDOrWPFS+hdjFCBfy9f2YoyzRpwcl+DqpC6taX21FzsTLQVbMV/W7PzNSX6x/bhC1zA3c2UQ5NzH6how==
