# THIS IS AN AUTOGENERATED FILE. DO NOT EDIT THIS FILE DIRECTLY.
# yarn lockfile v1


govuk-frontend@^5.7.1:
  version "5.7.1"
  resolved "https://registry.yarnpkg.com/govuk-frontend/-/govuk-frontend-5.7.1.tgz#d4c561ebf8c0b76130f31df8c2e4d70d340cd63f"
  integrity sha512-jF1cq5rn57kxZmJRprUZhTQ31zaBBK4b5AyeJaPX3Yhg22lk90Mx/dQLvOk/ycV3wM7e0y+s4IPvb2fFaPlCGg==
