# THIS IS AN AUTOGENERATED FILE. DO NOT EDIT THIS FILE DIRECTLY.
# yarn lockfile v1


govuk-frontend@^5.11.0:
  version "5.11.1"
  resolved "https://registry.yarnpkg.com/govuk-frontend/-/govuk-frontend-5.11.1.tgz#06cd64d2bbe0bfd26aa8ce393a348bff14c59f4f"
  integrity sha512-hJJFpaer4MZLvz/2F9RZ7xZ6FqlzpxL9aw6YWOGK3F1tn419xj2WcVXwOC8Bcj/dc/LanknbWJDGkb+IdkuhTQ==
